
Microsoft Visual Studio Solution File, Format Version 12.00
# Visual Studio Version 16
VisualStudioVersion = 16.0.28922.388
MinimumVisualStudioVersion = 10.0.40219.1
Project("{FAE04EC0-301F-11D3-BF4B-00C04F79EFBC}") = "SportsMGMTApp", "SportsMGMTApp\SportsMGMTApp.csproj", "{F731C5A1-252D-4E01-92CB-FC44DAB749B1}"
EndProject
Project("{FAE04EC0-301F-11D3-BF4B-00C04F79EFBC}") = "SportsMGMTDAL", "SportsMGMTDataAccess\SportsMGMTDAL.csproj", "{4A79A8D8-E9F9-4468-AEA5-DA9BC585BB5D}"
EndProject
Project("{FAE04EC0-301F-11D3-BF4B-00C04F79EFBC}") = "SportsMGMTCommon", "SportsMGMTCommon\SportsMGMTCommon.csproj", "{08C2D24B-7A31-4FDD-B14B-9D4406AA6EB8}"
EndProject
Project("{FAE04EC0-301F-11D3-BF4B-00C04F79EFBC}") = "SportsMGMTBLL", "SportsMGMTBLL\SportsMGMTBLL.csproj", "{3E09E772-E2C3-484B-8BCA-0EC9D41DA314}"
EndProject
Project("{FAE04EC0-301F-11D3-BF4B-00C04F79EFBC}") = "SportsMGMTUnitTest", "SportsMGMTUnitTest\SportsMGMTUnitTest.csproj", "{A1D70553-634F-4278-B7EE-14E710F0ACDE}"
EndProject
Global
	GlobalSection(SolutionConfigurationPlatforms) = preSolution
		Debug|Any CPU = Debug|Any CPU
		Release|Any CPU = Release|Any CPU
	EndGlobalSection
	GlobalSection(ProjectConfigurationPlatforms) = postSolution
		{F731C5A1-252D-4E01-92CB-FC44DAB749B1}.Debug|Any CPU.ActiveCfg = Debug|Any CPU
		{F731C5A1-252D-4E01-92CB-FC44DAB749B1}.Debug|Any CPU.Build.0 = Debug|Any CPU
		{F731C5A1-252D-4E01-92CB-FC44DAB749B1}.Release|Any CPU.ActiveCfg = Release|Any CPU
		{F731C5A1-252D-4E01-92CB-FC44DAB749B1}.Release|Any CPU.Build.0 = Release|Any CPU
		{4A79A8D8-E9F9-4468-AEA5-DA9BC585BB5D}.Debug|Any CPU.ActiveCfg = Debug|Any CPU
		{4A79A8D8-E9F9-4468-AEA5-DA9BC585BB5D}.Debug|Any CPU.Build.0 = Debug|Any CPU
		{4A79A8D8-E9F9-4468-AEA5-DA9BC585BB5D}.Release|Any CPU.ActiveCfg = Release|Any CPU
		{4A79A8D8-E9F9-4468-AEA5-DA9BC585BB5D}.Release|Any CPU.Build.0 = Release|Any CPU
		{08C2D24B-7A31-4FDD-B14B-9D4406AA6EB8}.Debug|Any CPU.ActiveCfg = Debug|Any CPU
		{08C2D24B-7A31-4FDD-B14B-9D4406AA6EB8}.Debug|Any CPU.Build.0 = Debug|Any CPU
		{08C2D24B-7A31-4FDD-B14B-9D4406AA6EB8}.Release|Any CPU.ActiveCfg = Release|Any CPU
		{08C2D24B-7A31-4FDD-B14B-9D4406AA6EB8}.Release|Any CPU.Build.0 = Release|Any CPU
		{3E09E772-E2C3-484B-8BCA-0EC9D41DA314}.Debug|Any CPU.ActiveCfg = Debug|Any CPU
		{3E09E772-E2C3-484B-8BCA-0EC9D41DA314}.Debug|Any CPU.Build.0 = Debug|Any CPU
		{3E09E772-E2C3-484B-8BCA-0EC9D41DA314}.Release|Any CPU.ActiveCfg = Release|Any CPU
		{3E09E772-E2C3-484B-8BCA-0EC9D41DA314}.Release|Any CPU.Build.0 = Release|Any CPU
		{A1D70553-634F-4278-B7EE-14E710F0ACDE}.Debug|Any CPU.ActiveCfg = Debug|Any CPU
		{A1D70553-634F-4278-B7EE-14E710F0ACDE}.Debug|Any CPU.Build.0 = Debug|Any CPU
		{A1D70553-634F-4278-B7EE-14E710F0ACDE}.Release|Any CPU.ActiveCfg = Release|Any CPU
		{A1D70553-634F-4278-B7EE-14E710F0ACDE}.Release|Any CPU.Build.0 = Release|Any CPU
	EndGlobalSection
	GlobalSection(SolutionProperties) = preSolution
		HideSolutionNode = FALSE
	EndGlobalSection
	GlobalSection(ExtensibilityGlobals) = postSolution
		SolutionGuid = {F7AFD725-2A76-4F7C-AFB6-067F339D5545}
	EndGlobalSection
EndGlobal
